
Microsoft Visual Studio Solution File, Format Version 11.00
# Visual Studio 2010
Project("{FAE04EC0-301F-11D3-BF4B-00C04F79EFBC}") = "AmqpExample", "AmqpExample.csproj", "{E0952EA7-0E4F-4360-AA52-3F0B655D1815}"
EndProject
Global
	GlobalSection(SolutionConfigurationPlatforms) = preSolution
		Debug|Any CPU = Debug|Any CPU
		Release|Any CPU = Release|Any CPU
	EndGlobalSection
	GlobalSection(ProjectConfigurationPlatforms) = postSolution
		{E0952EA7-0E4F-4360-AA52-3F0B655D1815}.Debug|Any CPU.ActiveCfg = Debug|Any CPU
		{E0952EA7-0E4F-4360-AA52-3F0B655D1815}.Debug|Any CPU.Build.0 = Debug|Any CPU
		{E0952EA7-0E4F-4360-AA52-3F0B655D1815}.Release|Any CPU.ActiveCfg = Release|Any CPU
		{E0952EA7-0E4F-4360-AA52-3F0B655D1815}.Release|Any CPU.Build.0 = Release|Any CPU
	EndGlobalSection
	GlobalSection(SolutionProperties) = preSolution
		HideSolutionNode = FALSE
	EndGlobalSection
EndGlobal
